
Microsoft Visual Studio Solution File, Format Version 12.00
# Visual Studio Version 16
VisualStudioVersion = 16.0.31025.218
MinimumVisualStudioVersion = 10.0.40219.1
Project("{FAE04EC0-301F-11D3-BF4B-00C04F79EFBC}") = "WpfApp1", "WpfApp1\WpfApp1.csproj", "{7D5DF58E-9D56-47CE-A349-677DD15CD8F4}"
EndProject
Global
	GlobalSection(SolutionConfigurationPlatforms) = preSolution
		Debug|Any CPU = Debug|Any CPU
		Release|Any CPU = Release|Any CPU
	EndGlobalSection
	GlobalSection(ProjectConfigurationPlatforms) = postSolution
		{7D5DF58E-9D56-47CE-A349-677DD15CD8F4}.Debug|Any CPU.ActiveCfg = Debug|Any CPU
		{7D5DF58E-9D56-47CE-A349-677DD15CD8F4}.Debug|Any CPU.Build.0 = Debug|Any CPU
		{7D5DF58E-9D56-47CE-A349-677DD15CD8F4}.Release|Any CPU.ActiveCfg = Release|Any CPU
		{7D5DF58E-9D56-47CE-A349-677DD15CD8F4}.Release|Any CPU.Build.0 = Release|Any CPU
	EndGlobalSection
	GlobalSection(SolutionProperties) = preSolution
		HideSolutionNode = FALSE
	EndGlobalSection
	GlobalSection(ExtensibilityGlobals) = postSolution
		SolutionGuid = {74CCB9E1-035A-4A5E-A601-6E25F6C14966}
	EndGlobalSection
EndGlobal
